
Microsoft Visual Studio Solution File, Format Version 12.00
# Visual Studio 15
VisualStudioVersion = 15.0.28307.271
MinimumVisualStudioVersion = 10.0.40219.1
Project("{FAE04EC0-301F-11D3-BF4B-00C04F79EFBC}") = "SSISLibrary", "SSISLibrary\SSISLibrary.csproj", "{50445B3E-2307-4CDA-92BB-F2420B2EC0B3}"
EndProject
Project("{FAE04EC0-301F-11D3-BF4B-00C04F79EFBC}") = "SSISApplication", "SSISApplication\SSISApplication.csproj", "{127B32FE-5C7F-4D53-9EC8-C4B63364C5F4}"
EndProject
Global
	GlobalSection(SolutionConfigurationPlatforms) = preSolution
		Debug|Any CPU = Debug|Any CPU
		Release|Any CPU = Release|Any CPU
	EndGlobalSection
	GlobalSection(ProjectConfigurationPlatforms) = postSolution
		{50445B3E-2307-4CDA-92BB-F2420B2EC0B3}.Debug|Any CPU.ActiveCfg = Debug|Any CPU
		{50445B3E-2307-4CDA-92BB-F2420B2EC0B3}.Debug|Any CPU.Build.0 = Debug|Any CPU
		{50445B3E-2307-4CDA-92BB-F2420B2EC0B3}.Release|Any CPU.ActiveCfg = Release|Any CPU
		{50445B3E-2307-4CDA-92BB-F2420B2EC0B3}.Release|Any CPU.Build.0 = Release|Any CPU
		{127B32FE-5C7F-4D53-9EC8-C4B63364C5F4}.Debug|Any CPU.ActiveCfg = Debug|Any CPU
		{127B32FE-5C7F-4D53-9EC8-C4B63364C5F4}.Debug|Any CPU.Build.0 = Debug|Any CPU
		{127B32FE-5C7F-4D53-9EC8-C4B63364C5F4}.Release|Any CPU.ActiveCfg = Release|Any CPU
		{127B32FE-5C7F-4D53-9EC8-C4B63364C5F4}.Release|Any CPU.Build.0 = Release|Any CPU
	EndGlobalSection
	GlobalSection(SolutionProperties) = preSolution
		HideSolutionNode = FALSE
	EndGlobalSection
	GlobalSection(ExtensibilityGlobals) = postSolution
		SolutionGuid = {4A0159AF-E928-48A6-B218-2948EA45087F}
	EndGlobalSection
	GlobalSection(TeamFoundationVersionControl) = preSolution
		SccNumberOfProjects = 3
		SccEnterpriseProvider = {4CA58AB2-18FA-4F8D-95D4-32DDF27D184C}
		SccTeamFoundationServer = https://nus-iss.visualstudio.com/
		SccLocalPath0 = .
		SccProjectUniqueName1 = SSISApplication\\SSISApplication.csproj
		SccProjectName1 = SSISApplication
		SccLocalPath1 = SSISApplication
		SccProjectUniqueName2 = SSISLibrary\\SSISLibrary.csproj
		SccProjectName2 = SSISLibrary
		SccLocalPath2 = SSISLibrary
	EndGlobalSection
EndGlobal
